
Microsoft Visual Studio Solution File, Format Version 12.00
# Visual Studio Version 17
VisualStudioVersion = 17.3.32901.215
MinimumVisualStudioVersion = 10.0.40219.1
Project("{FAE04EC0-301F-11D3-BF4B-00C04F79EFBC}") = "QUE 2- Print last number", "QUE 2- Print last number\QUE 2- Print last number.csproj", "{8DC0C88A-8EBC-40FF-BFC9-520B2A37CBE7}"
EndProject
Global
	GlobalSection(SolutionConfigurationPlatforms) = preSolution
		Debug|Any CPU = Debug|Any CPU
		Release|Any CPU = Release|Any CPU
	EndGlobalSection
	GlobalSection(ProjectConfigurationPlatforms) = postSolution
		{8DC0C88A-8EBC-40FF-BFC9-520B2A37CBE7}.Debug|Any CPU.ActiveCfg = Debug|Any CPU
		{8DC0C88A-8EBC-40FF-BFC9-520B2A37CBE7}.Debug|Any CPU.Build.0 = Debug|Any CPU
		{8DC0C88A-8EBC-40FF-BFC9-520B2A37CBE7}.Release|Any CPU.ActiveCfg = Release|Any CPU
		{8DC0C88A-8EBC-40FF-BFC9-520B2A37CBE7}.Release|Any CPU.Build.0 = Release|Any CPU
	EndGlobalSection
	GlobalSection(SolutionProperties) = preSolution
		HideSolutionNode = FALSE
	EndGlobalSection
	GlobalSection(ExtensibilityGlobals) = postSolution
		SolutionGuid = {C1021115-9D30-405B-B690-657F166BF9D5}
	EndGlobalSection
EndGlobal
